
Microsoft Visual Studio Solution File, Format Version 12.00
# Visual Studio 15
VisualStudioVersion = 15.0.28307.1684
MinimumVisualStudioVersion = 10.0.40219.1
Project("{FAE04EC0-301F-11D3-BF4B-00C04F79EFBC}") = "BlogPessoal.Web", "BlogPessoal.Web\BlogPessoal.Web.csproj", "{C7448237-3498-426A-BDF1-F193DCB9D012}"
EndProject
Project("{FAE04EC0-301F-11D3-BF4B-00C04F79EFBC}") = "BlogPessoal.Tests", "BlogPessoal.Tests\BlogPessoal.Tests.csproj", "{69215921-24B3-40DD-891D-A23DF4436D17}"
EndProject
Global
	GlobalSection(SolutionConfigurationPlatforms) = preSolution
		Debug|Any CPU = Debug|Any CPU
		Release|Any CPU = Release|Any CPU
	EndGlobalSection
	GlobalSection(ProjectConfigurationPlatforms) = postSolution
		{C7448237-3498-426A-BDF1-F193DCB9D012}.Debug|Any CPU.ActiveCfg = Debug|Any CPU
		{C7448237-3498-426A-BDF1-F193DCB9D012}.Debug|Any CPU.Build.0 = Debug|Any CPU
		{C7448237-3498-426A-BDF1-F193DCB9D012}.Release|Any CPU.ActiveCfg = Release|Any CPU
		{C7448237-3498-426A-BDF1-F193DCB9D012}.Release|Any CPU.Build.0 = Release|Any CPU
		{69215921-24B3-40DD-891D-A23DF4436D17}.Debug|Any CPU.ActiveCfg = Debug|Any CPU
		{69215921-24B3-40DD-891D-A23DF4436D17}.Debug|Any CPU.Build.0 = Debug|Any CPU
		{69215921-24B3-40DD-891D-A23DF4436D17}.Release|Any CPU.ActiveCfg = Release|Any CPU
		{69215921-24B3-40DD-891D-A23DF4436D17}.Release|Any CPU.Build.0 = Release|Any CPU
	EndGlobalSection
	GlobalSection(SolutionProperties) = preSolution
		HideSolutionNode = FALSE
	EndGlobalSection
	GlobalSection(ExtensibilityGlobals) = postSolution
		SolutionGuid = {EC41346B-A339-444D-9A67-F68168085365}
	EndGlobalSection
EndGlobal
